
Microsoft Visual Studio Solution File, Format Version 12.00
# Visual Studio Version 17
VisualStudioVersion = 17.14.36511.14 d17.14
MinimumVisualStudioVersion = 10.0.40219.1
Project("{FAE04EC0-301F-11D3-BF4B-00C04F79EFBC}") = "Examen_Biblioteca", "Examen_Biblioteca\Examen_Biblioteca.csproj", "{ADBDB9E3-C3F8-42A2-96F5-1AEBCFE8F298}"
EndProject
Global
	GlobalSection(SolutionConfigurationPlatforms) = preSolution
		Debug|Any CPU = Debug|Any CPU
		Release|Any CPU = Release|Any CPU
	EndGlobalSection
	GlobalSection(ProjectConfigurationPlatforms) = postSolution
		{ADBDB9E3-C3F8-42A2-96F5-1AEBCFE8F298}.Debug|Any CPU.ActiveCfg = Debug|Any CPU
		{ADBDB9E3-C3F8-42A2-96F5-1AEBCFE8F298}.Debug|Any CPU.Build.0 = Debug|Any CPU
		{ADBDB9E3-C3F8-42A2-96F5-1AEBCFE8F298}.Release|Any CPU.ActiveCfg = Release|Any CPU
		{ADBDB9E3-C3F8-42A2-96F5-1AEBCFE8F298}.Release|Any CPU.Build.0 = Release|Any CPU
	EndGlobalSection
	GlobalSection(SolutionProperties) = preSolution
		HideSolutionNode = FALSE
	EndGlobalSection
	GlobalSection(ExtensibilityGlobals) = postSolution
		SolutionGuid = {541DF5B7-719A-46B7-8B13-91A475FCA4AB}
	EndGlobalSection
EndGlobal
